
Microsoft Visual Studio Solution File, Format Version 12.00
# Visual Studio Version 16
VisualStudioVersion = 16.0.31112.23
MinimumVisualStudioVersion = 10.0.40219.1
Project("{888888A0-9F3D-457C-B088-3A5042F75D52}") = "Python Challenge", "Python Challenge\Python Challenge.pyproj", "{696816ED-284B-4727-B0B9-6A12A5588143}"
EndProject
Global
	GlobalSection(SolutionConfigurationPlatforms) = preSolution
		Debug|Any CPU = Debug|Any CPU
		Release|Any CPU = Release|Any CPU
	EndGlobalSection
	GlobalSection(ProjectConfigurationPlatforms) = postSolution
		{696816ED-284B-4727-B0B9-6A12A5588143}.Debug|Any CPU.ActiveCfg = Debug|Any CPU
		{696816ED-284B-4727-B0B9-6A12A5588143}.Release|Any CPU.ActiveCfg = Release|Any CPU
	EndGlobalSection
	GlobalSection(SolutionProperties) = preSolution
		HideSolutionNode = FALSE
	EndGlobalSection
	GlobalSection(ExtensibilityGlobals) = postSolution
		SolutionGuid = {ED7DB1D0-D3FD-4FDB-8E62-BD209E131FE0}
	EndGlobalSection
EndGlobal
